// !$*UTF8*$!
{
	archiveVersion = 1;
	classes = {
	};
	objectVersion = 56;
	objects = {

/* Begin PBXBuildFile section */
		6F2789F42C873CD800A43C0D /* SolveTheDilemmaApp.swift in Sources */ = {isa = PBXBuildFile; fileRef = 6F2789F32C873CD800A43C0D /* SolveTheDilemmaApp.swift */; };
		6F2789F62C873CD800A43C0D /* WheelMainView.swift in Sources */ = {isa = PBXBuildFile; fileRef = 6F2789F52C873CD800A43C0D /* WheelMainView.swift */; };
		6F2789F82C873CD800A43C0D /* WheelItemModel.swift in Sources */ = {isa = PBXBuildFile; fileRef = 6F2789F72C873CD800A43C0D /* WheelItemModel.swift */; };
		6F2789FA2C873CD900A43C0D /* Assets.xcassets in Resources */ = {isa = PBXBuildFile; fileRef = 6F2789F92C873CD900A43C0D /* Assets.xcassets */; };
		6F2789FD2C873CD900A43C0D /* Preview Assets.xcassets in Resources */ = {isa = PBXBuildFile; fileRef = 6F2789FC2C873CD900A43C0D /* Preview Assets.xcassets */; };
		6F278A042C87470200A43C0D /* WheelViewModel.swift in Sources */ = {isa = PBXBuildFile; fileRef = 6F278A032C87470200A43C0D /* WheelViewModel.swift */; };
		6F278A062C87478000A43C0D /* WheelOfFortune.swift in Sources */ = {isa = PBXBuildFile; fileRef = 6F278A052C87478000A43C0D /* WheelOfFortune.swift */; };
		6F278A092C87488200A43C0D /* ArrowView.swift in Sources */ = {isa = PBXBuildFile; fileRef = 6F278A082C87488200A43C0D /* ArrowView.swift */; };
		6F278A0B2C87AC0400A43C0D /* CreateWheelView.swift in Sources */ = {isa = PBXBuildFile; fileRef = 6F278A0A2C87AC0400A43C0D /* CreateWheelView.swift */; };
		6F278A0D2C87AC7200A43C0D /* EditButton.swift in Sources */ = {isa = PBXBuildFile; fileRef = 6F278A0C2C87AC7200A43C0D /* EditButton.swift */; };
		6F278A102C88AC1500A43C0D /* СrossButton.swift in Sources */ = {isa = PBXBuildFile; fileRef = 6F278A0F2C88AC1500A43C0D /* СrossButton.swift */; };
		6F278A132C88BA1300A43C0D /* CreateListCellView.swift in Sources */ = {isa = PBXBuildFile; fileRef = 6F278A122C88BA1300A43C0D /* CreateListCellView.swift */; };
		6F278A152C88BB5600A43C0D /* CreateWheelViewModel.swift in Sources */ = {isa = PBXBuildFile; fileRef = 6F278A142C88BB5600A43C0D /* CreateWheelViewModel.swift */; };
		6F278A1B2C88BEE700A43C0D /* PlusMinusView.swift in Sources */ = {isa = PBXBuildFile; fileRef = 6F278A1A2C88BEE700A43C0D /* PlusMinusView.swift */; };
		6F278A1F2C8A091700A43C0D /* HistoryView.swift in Sources */ = {isa = PBXBuildFile; fileRef = 6F278A1E2C8A091700A43C0D /* HistoryView.swift */; };
		6F278A212C8A097500A43C0D /* AIGeneraterView.swift in Sources */ = {isa = PBXBuildFile; fileRef = 6F278A202C8A097500A43C0D /* AIGeneraterView.swift */; };
		6F278A242C8A0A7800A43C0D /* TabBarView.swift in Sources */ = {isa = PBXBuildFile; fileRef = 6F278A232C8A0A7800A43C0D /* TabBarView.swift */; };
		6F278A262C8A49C200A43C0D /* HistoryViewModel.swift in Sources */ = {isa = PBXBuildFile; fileRef = 6F278A252C8A49C200A43C0D /* HistoryViewModel.swift */; };
		6F278A282C8A76FC00A43C0D /* TextView.swift in Sources */ = {isa = PBXBuildFile; fileRef = 6F278A272C8A76FC00A43C0D /* TextView.swift */; };
		6F9D23022C8F178900189943 /* SolveData.xcdatamodeld in Sources */ = {isa = PBXBuildFile; fileRef = 6F9D23002C8F178900189943 /* SolveData.xcdatamodeld */; };
		6F9D23042C8F18B600189943 /* CoreDataManager.swift in Sources */ = {isa = PBXBuildFile; fileRef = 6F9D23032C8F18B600189943 /* CoreDataManager.swift */; };
		6F9D23262C8F3BC100189943 /* WheelItemListEntity+CoreDataClass.swift in Sources */ = {isa = PBXBuildFile; fileRef = 6F9D23222C8F3BC100189943 /* WheelItemListEntity+CoreDataClass.swift */; };
		6F9D23272C8F3BC100189943 /* WheelItemListEntity+CoreDataProperties.swift in Sources */ = {isa = PBXBuildFile; fileRef = 6F9D23232C8F3BC100189943 /* WheelItemListEntity+CoreDataProperties.swift */; };
		6F9D23282C8F3BC100189943 /* WheelItemEntity+CoreDataClass.swift in Sources */ = {isa = PBXBuildFile; fileRef = 6F9D23242C8F3BC100189943 /* WheelItemEntity+CoreDataClass.swift */; };
		6F9D23292C8F3BC100189943 /* WheelItemEntity+CoreDataProperties.swift in Sources */ = {isa = PBXBuildFile; fileRef = 6F9D23252C8F3BC100189943 /* WheelItemEntity+CoreDataProperties.swift */; };
		6F9D232B2C8F419000189943 /* HistoryModel.swift in Sources */ = {isa = PBXBuildFile; fileRef = 6F9D232A2C8F419000189943 /* HistoryModel.swift */; };
		6F9D23302C8F57FF00189943 /* Extentions.swift in Sources */ = {isa = PBXBuildFile; fileRef = 6F9D232F2C8F57FF00189943 /* Extentions.swift */; };
		6F9D23332C90923B00189943 /* ChatGptRequestService.swift in Sources */ = {isa = PBXBuildFile; fileRef = 6F9D23322C90923B00189943 /* ChatGptRequestService.swift */; };
		6F9D23362C91B0EA00189943 /* AIGeneraterViewModel.swift in Sources */ = {isa = PBXBuildFile; fileRef = 6F9D23352C91B0EA00189943 /* AIGeneraterViewModel.swift */; };
		6F9D23382C922EF200189943 /* TabBanViewModel.swift in Sources */ = {isa = PBXBuildFile; fileRef = 6F9D23372C922EF200189943 /* TabBanViewModel.swift */; };
		6F9D233A2C923AEE00189943 /* BannerView.swift in Sources */ = {isa = PBXBuildFile; fileRef = 6F9D23392C923AEE00189943 /* BannerView.swift */; };
/* End PBXBuildFile section */

/* Begin PBXFileReference section */
		6F2789F02C873CD800A43C0D /* SolveTheDilemma.app */ = {isa = PBXFileReference; explicitFileType = wrapper.application; includeInIndex = 0; path = SolveTheDilemma.app; sourceTree = BUILT_PRODUCTS_DIR; };
		6F2789F32C873CD800A43C0D /* SolveTheDilemmaApp.swift */ = {isa = PBXFileReference; lastKnownFileType = sourcecode.swift; path = SolveTheDilemmaApp.swift; sourceTree = "<group>"; };
		6F2789F52C873CD800A43C0D /* WheelMainView.swift */ = {isa = PBXFileReference; lastKnownFileType = sourcecode.swift; path = WheelMainView.swift; sourceTree = "<group>"; };
		6F2789F72C873CD800A43C0D /* WheelItemModel.swift */ = {isa = PBXFileReference; lastKnownFileType = sourcecode.swift; path = WheelItemModel.swift; sourceTree = "<group>"; };
		6F2789F92C873CD900A43C0D /* Assets.xcassets */ = {isa = PBXFileReference; lastKnownFileType = folder.assetcatalog; path = Assets.xcassets; sourceTree = "<group>"; };
		6F2789FC2C873CD900A43C0D /* Preview Assets.xcassets */ = {isa = PBXFileReference; lastKnownFileType = folder.assetcatalog; path = "Preview Assets.xcassets"; sourceTree = "<group>"; };
		6F278A032C87470200A43C0D /* WheelViewModel.swift */ = {isa = PBXFileReference; lastKnownFileType = sourcecode.swift; path = WheelViewModel.swift; sourceTree = "<group>"; };
		6F278A052C87478000A43C0D /* WheelOfFortune.swift */ = {isa = PBXFileReference; lastKnownFileType = sourcecode.swift; path = WheelOfFortune.swift; sourceTree = "<group>"; };
		6F278A082C87488200A43C0D /* ArrowView.swift */ = {isa = PBXFileReference; lastKnownFileType = sourcecode.swift; path = ArrowView.swift; sourceTree = "<group>"; };
		6F278A0A2C87AC0400A43C0D /* CreateWheelView.swift */ = {isa = PBXFileReference; lastKnownFileType = sourcecode.swift; path = CreateWheelView.swift; sourceTree = "<group>"; };
		6F278A0C2C87AC7200A43C0D /* EditButton.swift */ = {isa = PBXFileReference; lastKnownFileType = sourcecode.swift; path = EditButton.swift; sourceTree = "<group>"; };
		6F278A0F2C88AC1500A43C0D /* СrossButton.swift */ = {isa = PBXFileReference; lastKnownFileType = sourcecode.swift; path = "СrossButton.swift"; sourceTree = "<group>"; };
		6F278A122C88BA1300A43C0D /* CreateListCellView.swift */ = {isa = PBXFileReference; lastKnownFileType = sourcecode.swift; path = CreateListCellView.swift; sourceTree = "<group>"; };
		6F278A142C88BB5600A43C0D /* CreateWheelViewModel.swift */ = {isa = PBXFileReference; lastKnownFileType = sourcecode.swift; path = CreateWheelViewModel.swift; sourceTree = "<group>"; };
		6F278A1A2C88BEE700A43C0D /* PlusMinusView.swift */ = {isa = PBXFileReference; lastKnownFileType = sourcecode.swift; path = PlusMinusView.swift; sourceTree = "<group>"; };
		6F278A1E2C8A091700A43C0D /* HistoryView.swift */ = {isa = PBXFileReference; lastKnownFileType = sourcecode.swift; path = HistoryView.swift; sourceTree = "<group>"; };
		6F278A202C8A097500A43C0D /* AIGeneraterView.swift */ = {isa = PBXFileReference; lastKnownFileType = sourcecode.swift; path = AIGeneraterView.swift; sourceTree = "<group>"; };
		6F278A232C8A0A7800A43C0D /* TabBarView.swift */ = {isa = PBXFileReference; lastKnownFileType = sourcecode.swift; path = TabBarView.swift; sourceTree = "<group>"; };
		6F278A252C8A49C200A43C0D /* HistoryViewModel.swift */ = {isa = PBXFileReference; lastKnownFileType = sourcecode.swift; path = HistoryViewModel.swift; sourceTree = "<group>"; };
		6F278A272C8A76FC00A43C0D /* TextView.swift */ = {isa = PBXFileReference; lastKnownFileType = sourcecode.swift; path = TextView.swift; sourceTree = "<group>"; };
		6F9D23012C8F178900189943 /* SolveData.xcdatamodel */ = {isa = PBXFileReference; lastKnownFileType = wrapper.xcdatamodel; path = SolveData.xcdatamodel; sourceTree = "<group>"; };
		6F9D23032C8F18B600189943 /* CoreDataManager.swift */ = {isa = PBXFileReference; lastKnownFileType = sourcecode.swift; path = CoreDataManager.swift; sourceTree = "<group>"; };
		6F9D23222C8F3BC100189943 /* WheelItemListEntity+CoreDataClass.swift */ = {isa = PBXFileReference; lastKnownFileType = sourcecode.swift; path = "WheelItemListEntity+CoreDataClass.swift"; sourceTree = SOURCE_ROOT; };
		6F9D23232C8F3BC100189943 /* WheelItemListEntity+CoreDataProperties.swift */ = {isa = PBXFileReference; lastKnownFileType = sourcecode.swift; path = "WheelItemListEntity+CoreDataProperties.swift"; sourceTree = SOURCE_ROOT; };
		6F9D23242C8F3BC100189943 /* WheelItemEntity+CoreDataClass.swift */ = {isa = PBXFileReference; lastKnownFileType = sourcecode.swift; path = "WheelItemEntity+CoreDataClass.swift"; sourceTree = SOURCE_ROOT; };
		6F9D23252C8F3BC100189943 /* WheelItemEntity+CoreDataProperties.swift */ = {isa = PBXFileReference; lastKnownFileType = sourcecode.swift; path = "WheelItemEntity+CoreDataProperties.swift"; sourceTree = SOURCE_ROOT; };
		6F9D232A2C8F419000189943 /* HistoryModel.swift */ = {isa = PBXFileReference; lastKnownFileType = sourcecode.swift; path = HistoryModel.swift; sourceTree = "<group>"; };
		6F9D232F2C8F57FF00189943 /* Extentions.swift */ = {isa = PBXFileReference; lastKnownFileType = sourcecode.swift; path = Extentions.swift; sourceTree = "<group>"; };
		6F9D23322C90923B00189943 /* ChatGptRequestService.swift */ = {isa = PBXFileReference; lastKnownFileType = sourcecode.swift; path = ChatGptRequestService.swift; sourceTree = "<group>"; };
		6F9D23352C91B0EA00189943 /* AIGeneraterViewModel.swift */ = {isa = PBXFileReference; lastKnownFileType = sourcecode.swift; path = AIGeneraterViewModel.swift; sourceTree = "<group>"; };
		6F9D23372C922EF200189943 /* TabBanViewModel.swift */ = {isa = PBXFileReference; lastKnownFileType = sourcecode.swift; path = TabBanViewModel.swift; sourceTree = "<group>"; };
		6F9D23392C923AEE00189943 /* BannerView.swift */ = {isa = PBXFileReference; lastKnownFileType = sourcecode.swift; path = BannerView.swift; sourceTree = "<group>"; };
/* End PBXFileReference section */

/* Begin PBXFrameworksBuildPhase section */
		6F2789ED2C873CD800A43C0D /* Frameworks */ = {
			isa = PBXFrameworksBuildPhase;
			buildActionMask = 2147483647;
			files = (
			);
			runOnlyForDeploymentPostprocessing = 0;
		};
/* End PBXFrameworksBuildPhase section */

/* Begin PBXGroup section */
		6F2789E72C873CD700A43C0D = {
			isa = PBXGroup;
			children = (
				6F9D23002C8F178900189943 /* SolveData.xcdatamodeld */,
				6F2789F22C873CD800A43C0D /* SolveTheDilemma */,
				6F2789F12C873CD800A43C0D /* Products */,
			);
			sourceTree = "<group>";
		};
		6F2789F12C873CD800A43C0D /* Products */ = {
			isa = PBXGroup;
			children = (
				6F2789F02C873CD800A43C0D /* SolveTheDilemma.app */,
			);
			name = Products;
			sourceTree = "<group>";
		};
		6F2789F22C873CD800A43C0D /* SolveTheDilemma */ = {
			isa = PBXGroup;
			children = (
				6F2789F32C873CD800A43C0D /* SolveTheDilemmaApp.swift */,
				6F278A222C8A0A6400A43C0D /* TabBar */,
				6F278A182C88BB9100A43C0D /* Main */,
				6F278A1C2C8A08C300A43C0D /* History */,
				6F278A1D2C8A08D700A43C0D /* AIGenerated */,
				6F278A112C88ACE100A43C0D /* Data */,
				6F9D232E2C8F57E800189943 /* Extention */,
				6F9D23312C90921300189943 /* NetworkRequest */,
				6F2789F92C873CD900A43C0D /* Assets.xcassets */,
				6F2789FB2C873CD900A43C0D /* Preview Content */,
			);
			path = SolveTheDilemma;
			sourceTree = "<group>";
		};
		6F2789FB2C873CD900A43C0D /* Preview Content */ = {
			isa = PBXGroup;
			children = (
				6F2789FC2C873CD900A43C0D /* Preview Assets.xcassets */,
			);
			path = "Preview Content";
			sourceTree = "<group>";
		};
		6F278A072C87483300A43C0D /* MainView */ = {
			isa = PBXGroup;
			children = (
				6F2789F52C873CD800A43C0D /* WheelMainView.swift */,
				6F278A032C87470200A43C0D /* WheelViewModel.swift */,
				6F9D232C2C8F421D00189943 /* MainSubViews */,
			);
			path = MainView;
			sourceTree = "<group>";
		};
		6F278A0E2C87B16E00A43C0D /* Create */ = {
			isa = PBXGroup;
			children = (
				6F278A192C88BBAD00A43C0D /* CreateView */,
			);
			path = Create;
			sourceTree = "<group>";
		};
		6F278A112C88ACE100A43C0D /* Data */ = {
			isa = PBXGroup;
			children = (
				6F2789F72C873CD800A43C0D /* WheelItemModel.swift */,
				6F9D232A2C8F419000189943 /* HistoryModel.swift */,
				6F9D23032C8F18B600189943 /* CoreDataManager.swift */,
				6F9D230D2C8F33BF00189943 /* subClass */,
			);
			path = Data;
			sourceTree = "<group>";
		};
		6F278A182C88BB9100A43C0D /* Main */ = {
			isa = PBXGroup;
			children = (
				6F278A072C87483300A43C0D /* MainView */,
				6F278A0E2C87B16E00A43C0D /* Create */,
			);
			path = Main;
			sourceTree = "<group>";
		};
		6F278A192C88BBAD00A43C0D /* CreateView */ = {
			isa = PBXGroup;
			children = (
				6F278A0A2C87AC0400A43C0D /* CreateWheelView.swift */,
				6F278A142C88BB5600A43C0D /* CreateWheelViewModel.swift */,
				6F9D232D2C8F424D00189943 /* CreateWheelSub */,
			);
			path = CreateView;
			sourceTree = "<group>";
		};
		6F278A1C2C8A08C300A43C0D /* History */ = {
			isa = PBXGroup;
			children = (
				6F278A1E2C8A091700A43C0D /* HistoryView.swift */,
				6F278A252C8A49C200A43C0D /* HistoryViewModel.swift */,
			);
			path = History;
			sourceTree = "<group>";
		};
		6F278A1D2C8A08D700A43C0D /* AIGenerated */ = {
			isa = PBXGroup;
			children = (
				6F278A202C8A097500A43C0D /* AIGeneraterView.swift */,
				6F9D23352C91B0EA00189943 /* AIGeneraterViewModel.swift */,
				6F9D23342C91B0CF00189943 /* AIViews */,
			);
			path = AIGenerated;
			sourceTree = "<group>";
		};
		6F278A222C8A0A6400A43C0D /* TabBar */ = {
			isa = PBXGroup;
			children = (
				6F278A232C8A0A7800A43C0D /* TabBarView.swift */,
				6F9D23372C922EF200189943 /* TabBanViewModel.swift */,
			);
			path = TabBar;
			sourceTree = "<group>";
		};
		6F9D230D2C8F33BF00189943 /* subClass */ = {
			isa = PBXGroup;
			children = (
				6F9D23222C8F3BC100189943 /* WheelItemListEntity+CoreDataClass.swift */,
				6F9D23232C8F3BC100189943 /* WheelItemListEntity+CoreDataProperties.swift */,
				6F9D23242C8F3BC100189943 /* WheelItemEntity+CoreDataClass.swift */,
				6F9D23252C8F3BC100189943 /* WheelItemEntity+CoreDataProperties.swift */,
			);
			path = subClass;
			sourceTree = "<group>";
		};
		6F9D232C2C8F421D00189943 /* MainSubViews */ = {
			isa = PBXGroup;
			children = (
				6F278A082C87488200A43C0D /* ArrowView.swift */,
				6F278A0C2C87AC7200A43C0D /* EditButton.swift */,
				6F278A052C87478000A43C0D /* WheelOfFortune.swift */,
			);
			path = MainSubViews;
			sourceTree = "<group>";
		};
		6F9D232D2C8F424D00189943 /* CreateWheelSub */ = {
			isa = PBXGroup;
			children = (
				6F278A122C88BA1300A43C0D /* CreateListCellView.swift */,
				6F278A0F2C88AC1500A43C0D /* СrossButton.swift */,
				6F278A1A2C88BEE700A43C0D /* PlusMinusView.swift */,
			);
			path = CreateWheelSub;
			sourceTree = "<group>";
		};
		6F9D232E2C8F57E800189943 /* Extention */ = {
			isa = PBXGroup;
			children = (
				6F9D232F2C8F57FF00189943 /* Extentions.swift */,
			);
			path = Extention;
			sourceTree = "<group>";
		};
		6F9D23312C90921300189943 /* NetworkRequest */ = {
			isa = PBXGroup;
			children = (
				6F9D23322C90923B00189943 /* ChatGptRequestService.swift */,
			);
			path = NetworkRequest;
			sourceTree = "<group>";
		};
		6F9D23342C91B0CF00189943 /* AIViews */ = {
			isa = PBXGroup;
			children = (
				6F278A272C8A76FC00A43C0D /* TextView.swift */,
				6F9D23392C923AEE00189943 /* BannerView.swift */,
			);
			path = AIViews;
			sourceTree = "<group>";
		};
/* End PBXGroup section */

/* Begin PBXNativeTarget section */
		6F2789EF2C873CD800A43C0D /* SolveTheDilemma */ = {
			isa = PBXNativeTarget;
			buildConfigurationList = 6F278A002C873CD900A43C0D /* Build configuration list for PBXNativeTarget "SolveTheDilemma" */;
			buildPhases = (
				6F2789EC2C873CD800A43C0D /* Sources */,
				6F2789ED2C873CD800A43C0D /* Frameworks */,
				6F2789EE2C873CD800A43C0D /* Resources */,
			);
			buildRules = (
			);
			dependencies = (
			);
			name = SolveTheDilemma;
			productName = SolveTheDilemma;
			productReference = 6F2789F02C873CD800A43C0D /* SolveTheDilemma.app */;
			productType = "com.apple.product-type.application";
		};
/* End PBXNativeTarget section */

/* Begin PBXProject section */
		6F2789E82C873CD700A43C0D /* Project object */ = {
			isa = PBXProject;
			attributes = {
				BuildIndependentTargetsInParallel = 1;
				LastSwiftUpdateCheck = 1540;
				LastUpgradeCheck = 1540;
				TargetAttributes = {
					6F2789EF2C873CD800A43C0D = {
						CreatedOnToolsVersion = 15.4;
					};
				};
			};
			buildConfigurationList = 6F2789EB2C873CD700A43C0D /* Build configuration list for PBXProject "SolveTheDilemma" */;
			compatibilityVersion = "Xcode 14.0";
			developmentRegion = en;
			hasScannedForEncodings = 0;
			knownRegions = (
				en,
				Base,
			);
			mainGroup = 6F2789E72C873CD700A43C0D;
			productRefGroup = 6F2789F12C873CD800A43C0D /* Products */;
			projectDirPath = "";
			projectRoot = "";
			targets = (
				6F2789EF2C873CD800A43C0D /* SolveTheDilemma */,
			);
		};
/* End PBXProject section */

/* Begin PBXResourcesBuildPhase section */
		6F2789EE2C873CD800A43C0D /* Resources */ = {
			isa = PBXResourcesBuildPhase;
			buildActionMask = 2147483647;
			files = (
				6F2789FD2C873CD900A43C0D /* Preview Assets.xcassets in Resources */,
				6F2789FA2C873CD900A43C0D /* Assets.xcassets in Resources */,
			);
			runOnlyForDeploymentPostprocessing = 0;
		};
/* End PBXResourcesBuildPhase section */

/* Begin PBXSourcesBuildPhase section */
		6F2789EC2C873CD800A43C0D /* Sources */ = {
			isa = PBXSourcesBuildPhase;
			buildActionMask = 2147483647;
			files = (
				6F9D23382C922EF200189943 /* TabBanViewModel.swift in Sources */,
				6F278A212C8A097500A43C0D /* AIGeneraterView.swift in Sources */,
				6F278A152C88BB5600A43C0D /* CreateWheelViewModel.swift in Sources */,
				6F278A042C87470200A43C0D /* WheelViewModel.swift in Sources */,
				6F9D23022C8F178900189943 /* SolveData.xcdatamodeld in Sources */,
				6F2789F62C873CD800A43C0D /* WheelMainView.swift in Sources */,
				6F278A092C87488200A43C0D /* ArrowView.swift in Sources */,
				6F278A1F2C8A091700A43C0D /* HistoryView.swift in Sources */,
				6F278A062C87478000A43C0D /* WheelOfFortune.swift in Sources */,
				6F9D232B2C8F419000189943 /* HistoryModel.swift in Sources */,
				6F278A1B2C88BEE700A43C0D /* PlusMinusView.swift in Sources */,
				6F278A0B2C87AC0400A43C0D /* CreateWheelView.swift in Sources */,
				6F278A0D2C87AC7200A43C0D /* EditButton.swift in Sources */,
				6F2789F82C873CD800A43C0D /* WheelItemModel.swift in Sources */,
				6F9D23042C8F18B600189943 /* CoreDataManager.swift in Sources */,
				6F278A282C8A76FC00A43C0D /* TextView.swift in Sources */,
				6F9D23362C91B0EA00189943 /* AIGeneraterViewModel.swift in Sources */,
				6F278A132C88BA1300A43C0D /* CreateListCellView.swift in Sources */,
				6F278A102C88AC1500A43C0D /* СrossButton.swift in Sources */,
				6F9D23332C90923B00189943 /* ChatGptRequestService.swift in Sources */,
				6F9D233A2C923AEE00189943 /* BannerView.swift in Sources */,
				6F9D23262C8F3BC100189943 /* WheelItemListEntity+CoreDataClass.swift in Sources */,
				6F9D23272C8F3BC100189943 /* WheelItemListEntity+CoreDataProperties.swift in Sources */,
				6F9D23282C8F3BC100189943 /* WheelItemEntity+CoreDataClass.swift in Sources */,
				6F9D23292C8F3BC100189943 /* WheelItemEntity+CoreDataProperties.swift in Sources */,
				6F278A242C8A0A7800A43C0D /* TabBarView.swift in Sources */,
				6F9D23302C8F57FF00189943 /* Extentions.swift in Sources */,
				6F2789F42C873CD800A43C0D /* SolveTheDilemmaApp.swift in Sources */,
				6F278A262C8A49C200A43C0D /* HistoryViewModel.swift in Sources */,
			);
			runOnlyForDeploymentPostprocessing = 0;
		};
/* End PBXSourcesBuildPhase section */

/* Begin XCBuildConfiguration section */
		6F2789FE2C873CD900A43C0D /* Debug */ = {
			isa = XCBuildConfiguration;
			buildSettings = {
				ALWAYS_SEARCH_USER_PATHS = NO;
				ASSETCATALOG_COMPILER_GENERATE_SWIFT_ASSET_SYMBOL_EXTENSIONS = YES;
				CLANG_ANALYZER_NONNULL = YES;
				CLANG_ANALYZER_NUMBER_OBJECT_CONVERSION = YES_AGGRESSIVE;
				CLANG_CXX_LANGUAGE_STANDARD = "gnu++20";
				CLANG_ENABLE_MODULES = YES;
				CLANG_ENABLE_OBJC_ARC = YES;
				CLANG_ENABLE_OBJC_WEAK = YES;
				CLANG_WARN_BLOCK_CAPTURE_AUTORELEASING = YES;
				CLANG_WARN_BOOL_CONVERSION = YES;
				CLANG_WARN_COMMA = YES;
				CLANG_WARN_CONSTANT_CONVERSION = YES;
				CLANG_WARN_DEPRECATED_OBJC_IMPLEMENTATIONS = YES;
				CLANG_WARN_DIRECT_OBJC_ISA_USAGE = YES_ERROR;
				CLANG_WARN_DOCUMENTATION_COMMENTS = YES;
				CLANG_WARN_EMPTY_BODY = YES;
				CLANG_WARN_ENUM_CONVERSION = YES;
				CLANG_WARN_INFINITE_RECURSION = YES;
				CLANG_WARN_INT_CONVERSION = YES;
				CLANG_WARN_NON_LITERAL_NULL_CONVERSION = YES;
				CLANG_WARN_OBJC_IMPLICIT_RETAIN_SELF = YES;
				CLANG_WARN_OBJC_LITERAL_CONVERSION = YES;
				CLANG_WARN_OBJC_ROOT_CLASS = YES_ERROR;
				CLANG_WARN_QUOTED_INCLUDE_IN_FRAMEWORK_HEADER = YES;
				CLANG_WARN_RANGE_LOOP_ANALYSIS = YES;
				CLANG_WARN_STRICT_PROTOTYPES = YES;
				CLANG_WARN_SUSPICIOUS_MOVE = YES;
				CLANG_WARN_UNGUARDED_AVAILABILITY = YES_AGGRESSIVE;
				CLANG_WARN_UNREACHABLE_CODE = YES;
				CLANG_WARN__DUPLICATE_METHOD_MATCH = YES;
				COPY_PHASE_STRIP = NO;
				DEBUG_INFORMATION_FORMAT = dwarf;
				ENABLE_STRICT_OBJC_MSGSEND = YES;
				ENABLE_TESTABILITY = YES;
				ENABLE_USER_SCRIPT_SANDBOXING = YES;
				GCC_C_LANGUAGE_STANDARD = gnu17;
				GCC_DYNAMIC_NO_PIC = NO;
				GCC_NO_COMMON_BLOCKS = YES;
				GCC_OPTIMIZATION_LEVEL = 0;
				GCC_PREPROCESSOR_DEFINITIONS = (
					"DEBUG=1",
					"$(inherited)",
				);
				GCC_WARN_64_TO_32_BIT_CONVERSION = YES;
				GCC_WARN_ABOUT_RETURN_TYPE = YES_ERROR;
				GCC_WARN_UNDECLARED_SELECTOR = YES;
				GCC_WARN_UNINITIALIZED_AUTOS = YES_AGGRESSIVE;
				GCC_WARN_UNUSED_FUNCTION = YES;
				GCC_WARN_UNUSED_VARIABLE = YES;
				IPHONEOS_DEPLOYMENT_TARGET = 17.5;
				LOCALIZATION_PREFERS_STRING_CATALOGS = YES;
				MTL_ENABLE_DEBUG_INFO = INCLUDE_SOURCE;
				MTL_FAST_MATH = YES;
				ONLY_ACTIVE_ARCH = YES;
				SDKROOT = iphoneos;
				SWIFT_ACTIVE_COMPILATION_CONDITIONS = "DEBUG $(inherited)";
				SWIFT_OPTIMIZATION_LEVEL = "-Onone";
			};
			name = Debug;
		};
		6F2789FF2C873CD900A43C0D /* Release */ = {
			isa = XCBuildConfiguration;
			buildSettings = {
				ALWAYS_SEARCH_USER_PATHS = NO;
				ASSETCATALOG_COMPILER_GENERATE_SWIFT_ASSET_SYMBOL_EXTENSIONS = YES;
				CLANG_ANALYZER_NONNULL = YES;
				CLANG_ANALYZER_NUMBER_OBJECT_CONVERSION = YES_AGGRESSIVE;
				CLANG_CXX_LANGUAGE_STANDARD = "gnu++20";
				CLANG_ENABLE_MODULES = YES;
				CLANG_ENABLE_OBJC_ARC = YES;
				CLANG_ENABLE_OBJC_WEAK = YES;
				CLANG_WARN_BLOCK_CAPTURE_AUTORELEASING = YES;
				CLANG_WARN_BOOL_CONVERSION = YES;
				CLANG_WARN_COMMA = YES;
				CLANG_WARN_CONSTANT_CONVERSION = YES;
				CLANG_WARN_DEPRECATED_OBJC_IMPLEMENTATIONS = YES;
				CLANG_WARN_DIRECT_OBJC_ISA_USAGE = YES_ERROR;
				CLANG_WARN_DOCUMENTATION_COMMENTS = YES;
				CLANG_WARN_EMPTY_BODY = YES;
				CLANG_WARN_ENUM_CONVERSION = YES;
				CLANG_WARN_INFINITE_RECURSION = YES;
				CLANG_WARN_INT_CONVERSION = YES;
				CLANG_WARN_NON_LITERAL_NULL_CONVERSION = YES;
				CLANG_WARN_OBJC_IMPLICIT_RETAIN_SELF = YES;
				CLANG_WARN_OBJC_LITERAL_CONVERSION = YES;
				CLANG_WARN_OBJC_ROOT_CLASS = YES_ERROR;
				CLANG_WARN_QUOTED_INCLUDE_IN_FRAMEWORK_HEADER = YES;
				CLANG_WARN_RANGE_LOOP_ANALYSIS = YES;
				CLANG_WARN_STRICT_PROTOTYPES = YES;
				CLANG_WARN_SUSPICIOUS_MOVE = YES;
				CLANG_WARN_UNGUARDED_AVAILABILITY = YES_AGGRESSIVE;
				CLANG_WARN_UNREACHABLE_CODE = YES;
				CLANG_WARN__DUPLICATE_METHOD_MATCH = YES;
				COPY_PHASE_STRIP = NO;
				DEBUG_INFORMATION_FORMAT = "dwarf-with-dsym";
				ENABLE_NS_ASSERTIONS = NO;
				ENABLE_STRICT_OBJC_MSGSEND = YES;
				ENABLE_USER_SCRIPT_SANDBOXING = YES;
				GCC_C_LANGUAGE_STANDARD = gnu17;
				GCC_NO_COMMON_BLOCKS = YES;
				GCC_WARN_64_TO_32_BIT_CONVERSION = YES;
				GCC_WARN_ABOUT_RETURN_TYPE = YES_ERROR;
				GCC_WARN_UNDECLARED_SELECTOR = YES;
				GCC_WARN_UNINITIALIZED_AUTOS = YES_AGGRESSIVE;
				GCC_WARN_UNUSED_FUNCTION = YES;
				GCC_WARN_UNUSED_VARIABLE = YES;
				IPHONEOS_DEPLOYMENT_TARGET = 17.5;
				LOCALIZATION_PREFERS_STRING_CATALOGS = YES;
				MTL_ENABLE_DEBUG_INFO = NO;
				MTL_FAST_MATH = YES;
				SDKROOT = iphoneos;
				SWIFT_COMPILATION_MODE = wholemodule;
				VALIDATE_PRODUCT = YES;
			};
			name = Release;
		};
		6F278A012C873CD900A43C0D /* Debug */ = {
			isa = XCBuildConfiguration;
			buildSettings = {
				ASSETCATALOG_COMPILER_APPICON_NAME = AppIcon;
				ASSETCATALOG_COMPILER_GLOBAL_ACCENT_COLOR_NAME = AccentColor;
				CODE_SIGN_STYLE = Automatic;
				CURRENT_PROJECT_VERSION = 1;
				DEVELOPMENT_ASSET_PATHS = "\"SolveTheDilemma/Preview Content\"";
				DEVELOPMENT_TEAM = TB66B6CJPJ;
				ENABLE_PREVIEWS = YES;
				GENERATE_INFOPLIST_FILE = YES;
				INFOPLIST_KEY_UIApplicationSceneManifest_Generation = YES;
				INFOPLIST_KEY_UIApplicationSupportsIndirectInputEvents = YES;
				INFOPLIST_KEY_UILaunchScreen_Generation = YES;
				INFOPLIST_KEY_UISupportedInterfaceOrientations_iPad = "UIInterfaceOrientationPortrait UIInterfaceOrientationPortraitUpsideDown UIInterfaceOrientationLandscapeLeft UIInterfaceOrientationLandscapeRight";
				INFOPLIST_KEY_UISupportedInterfaceOrientations_iPhone = "UIInterfaceOrientationPortrait UIInterfaceOrientationLandscapeLeft UIInterfaceOrientationLandscapeRight";
				IPHONEOS_DEPLOYMENT_TARGET = 16.0;
				LD_RUNPATH_SEARCH_PATHS = (
					"$(inherited)",
					"@executable_path/Frameworks",
				);
				MARKETING_VERSION = 1.0;
				PRODUCT_BUNDLE_IDENTIFIER = vladimir.team.SolveTheDilemma;
				PRODUCT_NAME = "$(TARGET_NAME)";
				SWIFT_EMIT_LOC_STRINGS = YES;
				SWIFT_VERSION = 5.0;
				TARGETED_DEVICE_FAMILY = "1,2";
			};
			name = Debug;
		};
		6F278A022C873CD900A43C0D /* Release */ = {
			isa = XCBuildConfiguration;
			buildSettings = {
				ASSETCATALOG_COMPILER_APPICON_NAME = AppIcon;
				ASSETCATALOG_COMPILER_GLOBAL_ACCENT_COLOR_NAME = AccentColor;
				CODE_SIGN_STYLE = Automatic;
				CURRENT_PROJECT_VERSION = 1;
				DEVELOPMENT_ASSET_PATHS = "\"SolveTheDilemma/Preview Content\"";
				DEVELOPMENT_TEAM = TB66B6CJPJ;
				ENABLE_PREVIEWS = YES;
				GENERATE_INFOPLIST_FILE = YES;
				INFOPLIST_KEY_UIApplicationSceneManifest_Generation = YES;
				INFOPLIST_KEY_UIApplicationSupportsIndirectInputEvents = YES;
				INFOPLIST_KEY_UILaunchScreen_Generation = YES;
				INFOPLIST_KEY_UISupportedInterfaceOrientations_iPad = "UIInterfaceOrientationPortrait UIInterfaceOrientationPortraitUpsideDown UIInterfaceOrientationLandscapeLeft UIInterfaceOrientationLandscapeRight";
				INFOPLIST_KEY_UISupportedInterfaceOrientations_iPhone = "UIInterfaceOrientationPortrait UIInterfaceOrientationLandscapeLeft UIInterfaceOrientationLandscapeRight";
				IPHONEOS_DEPLOYMENT_TARGET = 16.0;
				LD_RUNPATH_SEARCH_PATHS = (
					"$(inherited)",
					"@executable_path/Frameworks",
				);
				MARKETING_VERSION = 1.0;
				PRODUCT_BUNDLE_IDENTIFIER = vladimir.team.SolveTheDilemma;
				PRODUCT_NAME = "$(TARGET_NAME)";
				SWIFT_EMIT_LOC_STRINGS = YES;
				SWIFT_VERSION = 5.0;
				TARGETED_DEVICE_FAMILY = "1,2";
			};
			name = Release;
		};
/* End XCBuildConfiguration section */

/* Begin XCConfigurationList section */
		6F2789EB2C873CD700A43C0D /* Build configuration list for PBXProject "SolveTheDilemma" */ = {
			isa = XCConfigurationList;
			buildConfigurations = (
				6F2789FE2C873CD900A43C0D /* Debug */,
				6F2789FF2C873CD900A43C0D /* Release */,
			);
			defaultConfigurationIsVisible = 0;
			defaultConfigurationName = Release;
		};
		6F278A002C873CD900A43C0D /* Build configuration list for PBXNativeTarget "SolveTheDilemma" */ = {
			isa = XCConfigurationList;
			buildConfigurations = (
				6F278A012C873CD900A43C0D /* Debug */,
				6F278A022C873CD900A43C0D /* Release */,
			);
			defaultConfigurationIsVisible = 0;
			defaultConfigurationName = Release;
		};
/* End XCConfigurationList section */

/* Begin XCVersionGroup section */
		6F9D23002C8F178900189943 /* SolveData.xcdatamodeld */ = {
			isa = XCVersionGroup;
			children = (
				6F9D23012C8F178900189943 /* SolveData.xcdatamodel */,
			);
			currentVersion = 6F9D23012C8F178900189943 /* SolveData.xcdatamodel */;
			path = SolveData.xcdatamodeld;
			sourceTree = "<group>";
			versionGroupType = wrapper.xcdatamodel;
		};
/* End XCVersionGroup section */
	};
	rootObject = 6F2789E82C873CD700A43C0D /* Project object */;
}
